
Microsoft Visual Studio Solution File, Format Version 12.00
# Visual Studio Version 16
VisualStudioVersion = 16.0.31321.278
MinimumVisualStudioVersion = 10.0.40219.1
Project("{FAE04EC0-301F-11D3-BF4B-00C04F79EFBC}") = "cinema_functions", "cinema_functions.csproj", "{E9FBA0BB-688E-4EDE-A4B3-B54B8B9FE0FC}"
EndProject
Project("{FAE04EC0-301F-11D3-BF4B-00C04F79EFBC}") = "cinema_functions.test", "..\cinema_functions.test\cinema_functions.test.csproj", "{38160FAA-76C3-4246-B71C-F15AF906AD06}"
EndProject
Global
	GlobalSection(SolutionConfigurationPlatforms) = preSolution
		Debug|Any CPU = Debug|Any CPU
		Release|Any CPU = Release|Any CPU
	EndGlobalSection
	GlobalSection(ProjectConfigurationPlatforms) = postSolution
		{E9FBA0BB-688E-4EDE-A4B3-B54B8B9FE0FC}.Debug|Any CPU.ActiveCfg = Debug|Any CPU
		{E9FBA0BB-688E-4EDE-A4B3-B54B8B9FE0FC}.Debug|Any CPU.Build.0 = Debug|Any CPU
		{E9FBA0BB-688E-4EDE-A4B3-B54B8B9FE0FC}.Release|Any CPU.ActiveCfg = Release|Any CPU
		{E9FBA0BB-688E-4EDE-A4B3-B54B8B9FE0FC}.Release|Any CPU.Build.0 = Release|Any CPU
		{38160FAA-76C3-4246-B71C-F15AF906AD06}.Debug|Any CPU.ActiveCfg = Debug|Any CPU
		{38160FAA-76C3-4246-B71C-F15AF906AD06}.Debug|Any CPU.Build.0 = Debug|Any CPU
		{38160FAA-76C3-4246-B71C-F15AF906AD06}.Release|Any CPU.ActiveCfg = Release|Any CPU
		{38160FAA-76C3-4246-B71C-F15AF906AD06}.Release|Any CPU.Build.0 = Release|Any CPU
	EndGlobalSection
	GlobalSection(SolutionProperties) = preSolution
		HideSolutionNode = FALSE
	EndGlobalSection
	GlobalSection(ExtensibilityGlobals) = postSolution
		SolutionGuid = {ADAE07B7-5DD0-492B-930E-25A5D69E3334}
	EndGlobalSection
EndGlobal
